// !$*UTF8*$!
{
	archiveVersion = 1;
	classes = {
	};
	objectVersion = 56;
	objects = {

/* Begin PBXBuildFile section */
		298E33AE2A19E7FD00C0B60C /* KanjiADayApp.swift in Sources */ = {isa = PBXBuildFile; fileRef = 298E33AD2A19E7FD00C0B60C /* KanjiADayApp.swift */; };
		298E33B02A19E7FD00C0B60C /* ContentView.swift in Sources */ = {isa = PBXBuildFile; fileRef = 298E33AF2A19E7FD00C0B60C /* ContentView.swift */; };
		298E33B22A19E7FD00C0B60C /* Assets.xcassets in Resources */ = {isa = PBXBuildFile; fileRef = 298E33B12A19E7FD00C0B60C /* Assets.xcassets */; };
		298E33B52A19E7FD00C0B60C /* Preview Assets.xcassets in Resources */ = {isa = PBXBuildFile; fileRef = 298E33B42A19E7FD00C0B60C /* Preview Assets.xcassets */; };
		298E33BF2A19E7FE00C0B60C /* KanjiADayTests.swift in Sources */ = {isa = PBXBuildFile; fileRef = 298E33BE2A19E7FE00C0B60C /* KanjiADayTests.swift */; };
		298E33C92A19E7FE00C0B60C /* KanjiADayUITests.swift in Sources */ = {isa = PBXBuildFile; fileRef = 298E33C82A19E7FE00C0B60C /* KanjiADayUITests.swift */; };
		298E33CB2A19E7FE00C0B60C /* KanjiADayUITestsLaunchTests.swift in Sources */ = {isa = PBXBuildFile; fileRef = 298E33CA2A19E7FE00C0B60C /* KanjiADayUITestsLaunchTests.swift */; };
		298E33E02A19F08F00C0B60C /* kanjidict.json in Resources */ = {isa = PBXBuildFile; fileRef = 298E33DF2A19F08F00C0B60C /* kanjidict.json */; };
		298E33E42A1A029000C0B60C /* HomeJP.swift in Sources */ = {isa = PBXBuildFile; fileRef = 298E33E32A1A029000C0B60C /* HomeJP.swift */; };
		298E33E82A1A035E00C0B60C /* CardView.swift in Sources */ = {isa = PBXBuildFile; fileRef = 298E33E72A1A035E00C0B60C /* CardView.swift */; };
		298E33EA2A1A036000C0B60C /* SettingsView.swift in Sources */ = {isa = PBXBuildFile; fileRef = 298E33E92A1A036000C0B60C /* SettingsView.swift */; };
		298E33EC2A1A037C00C0B60C /* DetailView.swift in Sources */ = {isa = PBXBuildFile; fileRef = 298E33EB2A1A037C00C0B60C /* DetailView.swift */; };
		298E33ED2A1A04CF00C0B60C /* Kanji.swift in Sources */ = {isa = PBXBuildFile; fileRef = 298E33E62A1A035900C0B60C /* Kanji.swift */; };
/* End PBXBuildFile section */

/* Begin PBXContainerItemProxy section */
		298E33BB2A19E7FE00C0B60C /* PBXContainerItemProxy */ = {
			isa = PBXContainerItemProxy;
			containerPortal = 298E33A22A19E7FD00C0B60C /* Project object */;
			proxyType = 1;
			remoteGlobalIDString = 298E33A92A19E7FD00C0B60C;
			remoteInfo = KanjiADay;
		};
		298E33C52A19E7FE00C0B60C /* PBXContainerItemProxy */ = {
			isa = PBXContainerItemProxy;
			containerPortal = 298E33A22A19E7FD00C0B60C /* Project object */;
			proxyType = 1;
			remoteGlobalIDString = 298E33A92A19E7FD00C0B60C;
			remoteInfo = KanjiADay;
		};
/* End PBXContainerItemProxy section */

/* Begin PBXFileReference section */
		298E33AA2A19E7FD00C0B60C /* KanjiADay.app */ = {isa = PBXFileReference; explicitFileType = wrapper.application; includeInIndex = 0; path = KanjiADay.app; sourceTree = BUILT_PRODUCTS_DIR; };
		298E33AD2A19E7FD00C0B60C /* KanjiADayApp.swift */ = {isa = PBXFileReference; lastKnownFileType = sourcecode.swift; path = KanjiADayApp.swift; sourceTree = "<group>"; };
		298E33AF2A19E7FD00C0B60C /* ContentView.swift */ = {isa = PBXFileReference; lastKnownFileType = sourcecode.swift; path = ContentView.swift; sourceTree = "<group>"; };
		298E33B12A19E7FD00C0B60C /* Assets.xcassets */ = {isa = PBXFileReference; lastKnownFileType = folder.assetcatalog; path = Assets.xcassets; sourceTree = "<group>"; };
		298E33B42A19E7FD00C0B60C /* Preview Assets.xcassets */ = {isa = PBXFileReference; lastKnownFileType = folder.assetcatalog; path = "Preview Assets.xcassets"; sourceTree = "<group>"; };
		298E33BA2A19E7FE00C0B60C /* KanjiADayTests.xctest */ = {isa = PBXFileReference; explicitFileType = wrapper.cfbundle; includeInIndex = 0; path = KanjiADayTests.xctest; sourceTree = BUILT_PRODUCTS_DIR; };
		298E33BE2A19E7FE00C0B60C /* KanjiADayTests.swift */ = {isa = PBXFileReference; lastKnownFileType = sourcecode.swift; path = KanjiADayTests.swift; sourceTree = "<group>"; };
		298E33C42A19E7FE00C0B60C /* KanjiADayUITests.xctest */ = {isa = PBXFileReference; explicitFileType = wrapper.cfbundle; includeInIndex = 0; path = KanjiADayUITests.xctest; sourceTree = BUILT_PRODUCTS_DIR; };
		298E33C82A19E7FE00C0B60C /* KanjiADayUITests.swift */ = {isa = PBXFileReference; lastKnownFileType = sourcecode.swift; path = KanjiADayUITests.swift; sourceTree = "<group>"; };
		298E33CA2A19E7FE00C0B60C /* KanjiADayUITestsLaunchTests.swift */ = {isa = PBXFileReference; lastKnownFileType = sourcecode.swift; path = KanjiADayUITestsLaunchTests.swift; sourceTree = "<group>"; };
		298E33DF2A19F08F00C0B60C /* kanjidict.json */ = {isa = PBXFileReference; fileEncoding = 4; lastKnownFileType = text.json; path = kanjidict.json; sourceTree = "<group>"; };
		298E33E32A1A029000C0B60C /* HomeJP.swift */ = {isa = PBXFileReference; lastKnownFileType = sourcecode.swift; path = HomeJP.swift; sourceTree = "<group>"; };
		298E33E62A1A035900C0B60C /* Kanji.swift */ = {isa = PBXFileReference; lastKnownFileType = sourcecode.swift; path = Kanji.swift; sourceTree = "<group>"; };
		298E33E72A1A035E00C0B60C /* CardView.swift */ = {isa = PBXFileReference; lastKnownFileType = sourcecode.swift; path = CardView.swift; sourceTree = "<group>"; };
		298E33E92A1A036000C0B60C /* SettingsView.swift */ = {isa = PBXFileReference; lastKnownFileType = sourcecode.swift; path = SettingsView.swift; sourceTree = "<group>"; };
		298E33EB2A1A037C00C0B60C /* DetailView.swift */ = {isa = PBXFileReference; lastKnownFileType = sourcecode.swift; path = DetailView.swift; sourceTree = "<group>"; };
/* End PBXFileReference section */

/* Begin PBXFrameworksBuildPhase section */
		298E33A72A19E7FD00C0B60C /* Frameworks */ = {
			isa = PBXFrameworksBuildPhase;
			buildActionMask = 2147483647;
			files = (
			);
			runOnlyForDeploymentPostprocessing = 0;
		};
		298E33B72A19E7FE00C0B60C /* Frameworks */ = {
			isa = PBXFrameworksBuildPhase;
			buildActionMask = 2147483647;
			files = (
			);
			runOnlyForDeploymentPostprocessing = 0;
		};
		298E33C12A19E7FE00C0B60C /* Frameworks */ = {
			isa = PBXFrameworksBuildPhase;
			buildActionMask = 2147483647;
			files = (
			);
			runOnlyForDeploymentPostprocessing = 0;
		};
/* End PBXFrameworksBuildPhase section */

/* Begin PBXGroup section */
		298E33A12A19E7FD00C0B60C = {
			isa = PBXGroup;
			children = (
				298E33AC2A19E7FD00C0B60C /* KanjiADay */,
				298E33BD2A19E7FE00C0B60C /* KanjiADayTests */,
				298E33C72A19E7FE00C0B60C /* KanjiADayUITests */,
				298E33AB2A19E7FD00C0B60C /* Products */,
			);
			sourceTree = "<group>";
		};
		298E33AB2A19E7FD00C0B60C /* Products */ = {
			isa = PBXGroup;
			children = (
				298E33AA2A19E7FD00C0B60C /* KanjiADay.app */,
				298E33BA2A19E7FE00C0B60C /* KanjiADayTests.xctest */,
				298E33C42A19E7FE00C0B60C /* KanjiADayUITests.xctest */,
			);
			name = Products;
			sourceTree = "<group>";
		};
		298E33AC2A19E7FD00C0B60C /* KanjiADay */ = {
			isa = PBXGroup;
			children = (
				298E33AD2A19E7FD00C0B60C /* KanjiADayApp.swift */,
				298E33E52A1A034900C0B60C /* ComponentJP */,
				298E33AF2A19E7FD00C0B60C /* ContentView.swift */,
				298E33B12A19E7FD00C0B60C /* Assets.xcassets */,
				298E33B32A19E7FD00C0B60C /* Preview Content */,
			);
			path = KanjiADay;
			sourceTree = "<group>";
		};
		298E33B32A19E7FD00C0B60C /* Preview Content */ = {
			isa = PBXGroup;
			children = (
				298E33B42A19E7FD00C0B60C /* Preview Assets.xcassets */,
			);
			path = "Preview Content";
			sourceTree = "<group>";
		};
		298E33BD2A19E7FE00C0B60C /* KanjiADayTests */ = {
			isa = PBXGroup;
			children = (
				298E33BE2A19E7FE00C0B60C /* KanjiADayTests.swift */,
			);
			path = KanjiADayTests;
			sourceTree = "<group>";
		};
		298E33C72A19E7FE00C0B60C /* KanjiADayUITests */ = {
			isa = PBXGroup;
			children = (
				298E33C82A19E7FE00C0B60C /* KanjiADayUITests.swift */,
				298E33CA2A19E7FE00C0B60C /* KanjiADayUITestsLaunchTests.swift */,
			);
			path = KanjiADayUITests;
			sourceTree = "<group>";
		};
		298E33E52A1A034900C0B60C /* ComponentJP */ = {
			isa = PBXGroup;
			children = (
				298E33DF2A19F08F00C0B60C /* kanjidict.json */,
				298E33E32A1A029000C0B60C /* HomeJP.swift */,
				298E33E72A1A035E00C0B60C /* CardView.swift */,
				298E33EB2A1A037C00C0B60C /* DetailView.swift */,
				298E33E92A1A036000C0B60C /* SettingsView.swift */,
				298E33E62A1A035900C0B60C /* Kanji.swift */,
			);
			path = ComponentJP;
			sourceTree = "<group>";
		};
/* End PBXGroup section */

/* Begin PBXNativeTarget section */
		298E33A92A19E7FD00C0B60C /* KanjiADay */ = {
			isa = PBXNativeTarget;
			buildConfigurationList = 298E33CE2A19E7FE00C0B60C /* Build configuration list for PBXNativeTarget "KanjiADay" */;
			buildPhases = (
				298E33A62A19E7FD00C0B60C /* Sources */,
				298E33A72A19E7FD00C0B60C /* Frameworks */,
				298E33A82A19E7FD00C0B60C /* Resources */,
			);
			buildRules = (
			);
			dependencies = (
			);
			name = KanjiADay;
			productName = KanjiADay;
			productReference = 298E33AA2A19E7FD00C0B60C /* KanjiADay.app */;
			productType = "com.apple.product-type.application";
		};
		298E33B92A19E7FE00C0B60C /* KanjiADayTests */ = {
			isa = PBXNativeTarget;
			buildConfigurationList = 298E33D12A19E7FE00C0B60C /* Build configuration list for PBXNativeTarget "KanjiADayTests" */;
			buildPhases = (
				298E33B62A19E7FE00C0B60C /* Sources */,
				298E33B72A19E7FE00C0B60C /* Frameworks */,
				298E33B82A19E7FE00C0B60C /* Resources */,
			);
			buildRules = (
			);
			dependencies = (
				298E33BC2A19E7FE00C0B60C /* PBXTargetDependency */,
			);
			name = KanjiADayTests;
			productName = KanjiADayTests;
			productReference = 298E33BA2A19E7FE00C0B60C /* KanjiADayTests.xctest */;
			productType = "com.apple.product-type.bundle.unit-test";
		};
		298E33C32A19E7FE00C0B60C /* KanjiADayUITests */ = {
			isa = PBXNativeTarget;
			buildConfigurationList = 298E33D42A19E7FE00C0B60C /* Build configuration list for PBXNativeTarget "KanjiADayUITests" */;
			buildPhases = (
				298E33C02A19E7FE00C0B60C /* Sources */,
				298E33C12A19E7FE00C0B60C /* Frameworks */,
				298E33C22A19E7FE00C0B60C /* Resources */,
			);
			buildRules = (
			);
			dependencies = (
				298E33C62A19E7FE00C0B60C /* PBXTargetDependency */,
			);
			name = KanjiADayUITests;
			productName = KanjiADayUITests;
			productReference = 298E33C42A19E7FE00C0B60C /* KanjiADayUITests.xctest */;
			productType = "com.apple.product-type.bundle.ui-testing";
		};
/* End PBXNativeTarget section */

/* Begin PBXProject section */
		298E33A22A19E7FD00C0B60C /* Project object */ = {
			isa = PBXProject;
			attributes = {
				BuildIndependentTargetsInParallel = 1;
				LastSwiftUpdateCheck = 1430;
				LastUpgradeCheck = 1430;
				TargetAttributes = {
					298E33A92A19E7FD00C0B60C = {
						CreatedOnToolsVersion = 14.3;
					};
					298E33B92A19E7FE00C0B60C = {
						CreatedOnToolsVersion = 14.3;
						TestTargetID = 298E33A92A19E7FD00C0B60C;
					};
					298E33C32A19E7FE00C0B60C = {
						CreatedOnToolsVersion = 14.3;
						TestTargetID = 298E33A92A19E7FD00C0B60C;
					};
				};
			};
			buildConfigurationList = 298E33A52A19E7FD00C0B60C /* Build configuration list for PBXProject "KanjiADay" */;
			compatibilityVersion = "Xcode 14.0";
			developmentRegion = en;
			hasScannedForEncodings = 0;
			knownRegions = (
				en,
				Base,
			);
			mainGroup = 298E33A12A19E7FD00C0B60C;
			productRefGroup = 298E33AB2A19E7FD00C0B60C /* Products */;
			projectDirPath = "";
			projectRoot = "";
			targets = (
				298E33A92A19E7FD00C0B60C /* KanjiADay */,
				298E33B92A19E7FE00C0B60C /* KanjiADayTests */,
				298E33C32A19E7FE00C0B60C /* KanjiADayUITests */,
			);
		};
/* End PBXProject section */

/* Begin PBXResourcesBuildPhase section */
		298E33A82A19E7FD00C0B60C /* Resources */ = {
			isa = PBXResourcesBuildPhase;
			buildActionMask = 2147483647;
			files = (
				298E33E02A19F08F00C0B60C /* kanjidict.json in Resources */,
				298E33B52A19E7FD00C0B60C /* Preview Assets.xcassets in Resources */,
				298E33B22A19E7FD00C0B60C /* Assets.xcassets in Resources */,
			);
			runOnlyForDeploymentPostprocessing = 0;
		};
		298E33B82A19E7FE00C0B60C /* Resources */ = {
			isa = PBXResourcesBuildPhase;
			buildActionMask = 2147483647;
			files = (
			);
			runOnlyForDeploymentPostprocessing = 0;
		};
		298E33C22A19E7FE00C0B60C /* Resources */ = {
			isa = PBXResourcesBuildPhase;
			buildActionMask = 2147483647;
			files = (
			);
			runOnlyForDeploymentPostprocessing = 0;
		};
/* End PBXResourcesBuildPhase section */

/* Begin PBXSourcesBuildPhase section */
		298E33A62A19E7FD00C0B60C /* Sources */ = {
			isa = PBXSourcesBuildPhase;
			buildActionMask = 2147483647;
			files = (
				298E33B02A19E7FD00C0B60C /* ContentView.swift in Sources */,
				298E33EC2A1A037C00C0B60C /* DetailView.swift in Sources */,
				298E33EA2A1A036000C0B60C /* SettingsView.swift in Sources */,
				298E33E42A1A029000C0B60C /* HomeJP.swift in Sources */,
				298E33AE2A19E7FD00C0B60C /* KanjiADayApp.swift in Sources */,
				298E33E82A1A035E00C0B60C /* CardView.swift in Sources */,
				298E33ED2A1A04CF00C0B60C /* Kanji.swift in Sources */,
			);
			runOnlyForDeploymentPostprocessing = 0;
		};
		298E33B62A19E7FE00C0B60C /* Sources */ = {
			isa = PBXSourcesBuildPhase;
			buildActionMask = 2147483647;
			files = (
				298E33BF2A19E7FE00C0B60C /* KanjiADayTests.swift in Sources */,
			);
			runOnlyForDeploymentPostprocessing = 0;
		};
		298E33C02A19E7FE00C0B60C /* Sources */ = {
			isa = PBXSourcesBuildPhase;
			buildActionMask = 2147483647;
			files = (
				298E33C92A19E7FE00C0B60C /* KanjiADayUITests.swift in Sources */,
				298E33CB2A19E7FE00C0B60C /* KanjiADayUITestsLaunchTests.swift in Sources */,
			);
			runOnlyForDeploymentPostprocessing = 0;
		};
/* End PBXSourcesBuildPhase section */

/* Begin PBXTargetDependency section */
		298E33BC2A19E7FE00C0B60C /* PBXTargetDependency */ = {
			isa = PBXTargetDependency;
			target = 298E33A92A19E7FD00C0B60C /* KanjiADay */;
			targetProxy = 298E33BB2A19E7FE00C0B60C /* PBXContainerItemProxy */;
		};
		298E33C62A19E7FE00C0B60C /* PBXTargetDependency */ = {
			isa = PBXTargetDependency;
			target = 298E33A92A19E7FD00C0B60C /* KanjiADay */;
			targetProxy = 298E33C52A19E7FE00C0B60C /* PBXContainerItemProxy */;
		};
/* End PBXTargetDependency section */

/* Begin XCBuildConfiguration section */
		298E33CC2A19E7FE00C0B60C /* Debug */ = {
			isa = XCBuildConfiguration;
			buildSettings = {
				ALWAYS_SEARCH_USER_PATHS = NO;
				CLANG_ANALYZER_NONNULL = YES;
				CLANG_ANALYZER_NUMBER_OBJECT_CONVERSION = YES_AGGRESSIVE;
				CLANG_CXX_LANGUAGE_STANDARD = "gnu++20";
				CLANG_ENABLE_MODULES = YES;
				CLANG_ENABLE_OBJC_ARC = YES;
				CLANG_ENABLE_OBJC_WEAK = YES;
				CLANG_WARN_BLOCK_CAPTURE_AUTORELEASING = YES;
				CLANG_WARN_BOOL_CONVERSION = YES;
				CLANG_WARN_COMMA = YES;
				CLANG_WARN_CONSTANT_CONVERSION = YES;
				CLANG_WARN_DEPRECATED_OBJC_IMPLEMENTATIONS = YES;
				CLANG_WARN_DIRECT_OBJC_ISA_USAGE = YES_ERROR;
				CLANG_WARN_DOCUMENTATION_COMMENTS = YES;
				CLANG_WARN_EMPTY_BODY = YES;
				CLANG_WARN_ENUM_CONVERSION = YES;
				CLANG_WARN_INFINITE_RECURSION = YES;
				CLANG_WARN_INT_CONVERSION = YES;
				CLANG_WARN_NON_LITERAL_NULL_CONVERSION = YES;
				CLANG_WARN_OBJC_IMPLICIT_RETAIN_SELF = YES;
				CLANG_WARN_OBJC_LITERAL_CONVERSION = YES;
				CLANG_WARN_OBJC_ROOT_CLASS = YES_ERROR;
				CLANG_WARN_QUOTED_INCLUDE_IN_FRAMEWORK_HEADER = YES;
				CLANG_WARN_RANGE_LOOP_ANALYSIS = YES;
				CLANG_WARN_STRICT_PROTOTYPES = YES;
				CLANG_WARN_SUSPICIOUS_MOVE = YES;
				CLANG_WARN_UNGUARDED_AVAILABILITY = YES_AGGRESSIVE;
				CLANG_WARN_UNREACHABLE_CODE = YES;
				CLANG_WARN__DUPLICATE_METHOD_MATCH = YES;
				COPY_PHASE_STRIP = NO;
				DEBUG_INFORMATION_FORMAT = dwarf;
				ENABLE_STRICT_OBJC_MSGSEND = YES;
				ENABLE_TESTABILITY = YES;
				GCC_C_LANGUAGE_STANDARD = gnu11;
				GCC_DYNAMIC_NO_PIC = NO;
				GCC_NO_COMMON_BLOCKS = YES;
				GCC_OPTIMIZATION_LEVEL = 0;
				GCC_PREPROCESSOR_DEFINITIONS = (
					"DEBUG=1",
					"$(inherited)",
				);
				GCC_WARN_64_TO_32_BIT_CONVERSION = YES;
				GCC_WARN_ABOUT_RETURN_TYPE = YES_ERROR;
				GCC_WARN_UNDECLARED_SELECTOR = YES;
				GCC_WARN_UNINITIALIZED_AUTOS = YES_AGGRESSIVE;
				GCC_WARN_UNUSED_FUNCTION = YES;
				GCC_WARN_UNUSED_VARIABLE = YES;
				IPHONEOS_DEPLOYMENT_TARGET = 16.4;
				MTL_ENABLE_DEBUG_INFO = INCLUDE_SOURCE;
				MTL_FAST_MATH = YES;
				ONLY_ACTIVE_ARCH = YES;
				SDKROOT = iphoneos;
				SWIFT_ACTIVE_COMPILATION_CONDITIONS = DEBUG;
				SWIFT_OPTIMIZATION_LEVEL = "-Onone";
			};
			name = Debug;
		};
		298E33CD2A19E7FE00C0B60C /* Release */ = {
			isa = XCBuildConfiguration;
			buildSettings = {
				ALWAYS_SEARCH_USER_PATHS = NO;
				CLANG_ANALYZER_NONNULL = YES;
				CLANG_ANALYZER_NUMBER_OBJECT_CONVERSION = YES_AGGRESSIVE;
				CLANG_CXX_LANGUAGE_STANDARD = "gnu++20";
				CLANG_ENABLE_MODULES = YES;
				CLANG_ENABLE_OBJC_ARC = YES;
				CLANG_ENABLE_OBJC_WEAK = YES;
				CLANG_WARN_BLOCK_CAPTURE_AUTORELEASING = YES;
				CLANG_WARN_BOOL_CONVERSION = YES;
				CLANG_WARN_COMMA = YES;
				CLANG_WARN_CONSTANT_CONVERSION = YES;
				CLANG_WARN_DEPRECATED_OBJC_IMPLEMENTATIONS = YES;
				CLANG_WARN_DIRECT_OBJC_ISA_USAGE = YES_ERROR;
				CLANG_WARN_DOCUMENTATION_COMMENTS = YES;
				CLANG_WARN_EMPTY_BODY = YES;
				CLANG_WARN_ENUM_CONVERSION = YES;
				CLANG_WARN_INFINITE_RECURSION = YES;
				CLANG_WARN_INT_CONVERSION = YES;
				CLANG_WARN_NON_LITERAL_NULL_CONVERSION = YES;
				CLANG_WARN_OBJC_IMPLICIT_RETAIN_SELF = YES;
				CLANG_WARN_OBJC_LITERAL_CONVERSION = YES;
				CLANG_WARN_OBJC_ROOT_CLASS = YES_ERROR;
				CLANG_WARN_QUOTED_INCLUDE_IN_FRAMEWORK_HEADER = YES;
				CLANG_WARN_RANGE_LOOP_ANALYSIS = YES;
				CLANG_WARN_STRICT_PROTOTYPES = YES;
				CLANG_WARN_SUSPICIOUS_MOVE = YES;
				CLANG_WARN_UNGUARDED_AVAILABILITY = YES_AGGRESSIVE;
				CLANG_WARN_UNREACHABLE_CODE = YES;
				CLANG_WARN__DUPLICATE_METHOD_MATCH = YES;
				COPY_PHASE_STRIP = NO;
				DEBUG_INFORMATION_FORMAT = "dwarf-with-dsym";
				ENABLE_NS_ASSERTIONS = NO;
				ENABLE_STRICT_OBJC_MSGSEND = YES;
				GCC_C_LANGUAGE_STANDARD = gnu11;
				GCC_NO_COMMON_BLOCKS = YES;
				GCC_WARN_64_TO_32_BIT_CONVERSION = YES;
				GCC_WARN_ABOUT_RETURN_TYPE = YES_ERROR;
				GCC_WARN_UNDECLARED_SELECTOR = YES;
				GCC_WARN_UNINITIALIZED_AUTOS = YES_AGGRESSIVE;
				GCC_WARN_UNUSED_FUNCTION = YES;
				GCC_WARN_UNUSED_VARIABLE = YES;
				IPHONEOS_DEPLOYMENT_TARGET = 16.4;
				MTL_ENABLE_DEBUG_INFO = NO;
				MTL_FAST_MATH = YES;
				SDKROOT = iphoneos;
				SWIFT_COMPILATION_MODE = wholemodule;
				SWIFT_OPTIMIZATION_LEVEL = "-O";
				VALIDATE_PRODUCT = YES;
			};
			name = Release;
		};
		298E33CF2A19E7FE00C0B60C /* Debug */ = {
			isa = XCBuildConfiguration;
			buildSettings = {
				ASSETCATALOG_COMPILER_APPICON_NAME = AppIcon;
				ASSETCATALOG_COMPILER_GLOBAL_ACCENT_COLOR_NAME = AccentColor;
				CODE_SIGN_STYLE = Automatic;
				CURRENT_PROJECT_VERSION = 1;
				DEVELOPMENT_ASSET_PATHS = "\"KanjiADay/Preview Content\"";
				ENABLE_PREVIEWS = YES;
				GENERATE_INFOPLIST_FILE = YES;
				INFOPLIST_KEY_UIApplicationSceneManifest_Generation = YES;
				INFOPLIST_KEY_UIApplicationSupportsIndirectInputEvents = YES;
				INFOPLIST_KEY_UILaunchScreen_Generation = YES;
				INFOPLIST_KEY_UISupportedInterfaceOrientations_iPad = "UIInterfaceOrientationPortrait UIInterfaceOrientationPortraitUpsideDown UIInterfaceOrientationLandscapeLeft UIInterfaceOrientationLandscapeRight";
				INFOPLIST_KEY_UISupportedInterfaceOrientations_iPhone = "UIInterfaceOrientationPortrait UIInterfaceOrientationLandscapeLeft UIInterfaceOrientationLandscapeRight";
				LD_RUNPATH_SEARCH_PATHS = (
					"$(inherited)",
					"@executable_path/Frameworks",
				);
				MARKETING_VERSION = 1.0;
				PRODUCT_BUNDLE_IDENTIFIER = cstraw.KanjiADay;
				PRODUCT_NAME = "$(TARGET_NAME)";
				SWIFT_EMIT_LOC_STRINGS = YES;
				SWIFT_VERSION = 5.0;
				TARGETED_DEVICE_FAMILY = "1,2";
			};
			name = Debug;
		};
		298E33D02A19E7FE00C0B60C /* Release */ = {
			isa = XCBuildConfiguration;
			buildSettings = {
				ASSETCATALOG_COMPILER_APPICON_NAME = AppIcon;
				ASSETCATALOG_COMPILER_GLOBAL_ACCENT_COLOR_NAME = AccentColor;
				CODE_SIGN_STYLE = Automatic;
				CURRENT_PROJECT_VERSION = 1;
				DEVELOPMENT_ASSET_PATHS = "\"KanjiADay/Preview Content\"";
				ENABLE_PREVIEWS = YES;
				GENERATE_INFOPLIST_FILE = YES;
				INFOPLIST_KEY_UIApplicationSceneManifest_Generation = YES;
				INFOPLIST_KEY_UIApplicationSupportsIndirectInputEvents = YES;
				INFOPLIST_KEY_UILaunchScreen_Generation = YES;
				INFOPLIST_KEY_UISupportedInterfaceOrientations_iPad = "UIInterfaceOrientationPortrait UIInterfaceOrientationPortraitUpsideDown UIInterfaceOrientationLandscapeLeft UIInterfaceOrientationLandscapeRight";
				INFOPLIST_KEY_UISupportedInterfaceOrientations_iPhone = "UIInterfaceOrientationPortrait UIInterfaceOrientationLandscapeLeft UIInterfaceOrientationLandscapeRight";
				LD_RUNPATH_SEARCH_PATHS = (
					"$(inherited)",
					"@executable_path/Frameworks",
				);
				MARKETING_VERSION = 1.0;
				PRODUCT_BUNDLE_IDENTIFIER = cstraw.KanjiADay;
				PRODUCT_NAME = "$(TARGET_NAME)";
				SWIFT_EMIT_LOC_STRINGS = YES;
				SWIFT_VERSION = 5.0;
				TARGETED_DEVICE_FAMILY = "1,2";
			};
			name = Release;
		};
		298E33D22A19E7FE00C0B60C /* Debug */ = {
			isa = XCBuildConfiguration;
			buildSettings = {
				ALWAYS_EMBED_SWIFT_STANDARD_LIBRARIES = YES;
				BUNDLE_LOADER = "$(TEST_HOST)";
				CODE_SIGN_STYLE = Automatic;
				CURRENT_PROJECT_VERSION = 1;
				GENERATE_INFOPLIST_FILE = YES;
				IPHONEOS_DEPLOYMENT_TARGET = 16.4;
				MARKETING_VERSION = 1.0;
				PRODUCT_BUNDLE_IDENTIFIER = cstraw.KanjiADayTests;
				PRODUCT_NAME = "$(TARGET_NAME)";
				SWIFT_EMIT_LOC_STRINGS = NO;
				SWIFT_VERSION = 5.0;
				TARGETED_DEVICE_FAMILY = "1,2";
				TEST_HOST = "$(BUILT_PRODUCTS_DIR)/KanjiADay.app/$(BUNDLE_EXECUTABLE_FOLDER_PATH)/KanjiADay";
			};
			name = Debug;
		};
		298E33D32A19E7FE00C0B60C /* Release */ = {
			isa = XCBuildConfiguration;
			buildSettings = {
				ALWAYS_EMBED_SWIFT_STANDARD_LIBRARIES = YES;
				BUNDLE_LOADER = "$(TEST_HOST)";
				CODE_SIGN_STYLE = Automatic;
				CURRENT_PROJECT_VERSION = 1;
				GENERATE_INFOPLIST_FILE = YES;
				IPHONEOS_DEPLOYMENT_TARGET = 16.4;
				MARKETING_VERSION = 1.0;
				PRODUCT_BUNDLE_IDENTIFIER = cstraw.KanjiADayTests;
				PRODUCT_NAME = "$(TARGET_NAME)";
				SWIFT_EMIT_LOC_STRINGS = NO;
				SWIFT_VERSION = 5.0;
				TARGETED_DEVICE_FAMILY = "1,2";
				TEST_HOST = "$(BUILT_PRODUCTS_DIR)/KanjiADay.app/$(BUNDLE_EXECUTABLE_FOLDER_PATH)/KanjiADay";
			};
			name = Release;
		};
		298E33D52A19E7FE00C0B60C /* Debug */ = {
			isa = XCBuildConfiguration;
			buildSettings = {
				ALWAYS_EMBED_SWIFT_STANDARD_LIBRARIES = YES;
				CODE_SIGN_STYLE = Automatic;
				CURRENT_PROJECT_VERSION = 1;
				GENERATE_INFOPLIST_FILE = YES;
				MARKETING_VERSION = 1.0;
				PRODUCT_BUNDLE_IDENTIFIER = cstraw.KanjiADayUITests;
				PRODUCT_NAME = "$(TARGET_NAME)";
				SWIFT_EMIT_LOC_STRINGS = NO;
				SWIFT_VERSION = 5.0;
				TARGETED_DEVICE_FAMILY = "1,2";
				TEST_TARGET_NAME = KanjiADay;
			};
			name = Debug;
		};
		298E33D62A19E7FE00C0B60C /* Release */ = {
			isa = XCBuildConfiguration;
			buildSettings = {
				ALWAYS_EMBED_SWIFT_STANDARD_LIBRARIES = YES;
				CODE_SIGN_STYLE = Automatic;
				CURRENT_PROJECT_VERSION = 1;
				GENERATE_INFOPLIST_FILE = YES;
				MARKETING_VERSION = 1.0;
				PRODUCT_BUNDLE_IDENTIFIER = cstraw.KanjiADayUITests;
				PRODUCT_NAME = "$(TARGET_NAME)";
				SWIFT_EMIT_LOC_STRINGS = NO;
				SWIFT_VERSION = 5.0;
				TARGETED_DEVICE_FAMILY = "1,2";
				TEST_TARGET_NAME = KanjiADay;
			};
			name = Release;
		};
/* End XCBuildConfiguration section */

/* Begin XCConfigurationList section */
		298E33A52A19E7FD00C0B60C /* Build configuration list for PBXProject "KanjiADay" */ = {
			isa = XCConfigurationList;
			buildConfigurations = (
				298E33CC2A19E7FE00C0B60C /* Debug */,
				298E33CD2A19E7FE00C0B60C /* Release */,
			);
			defaultConfigurationIsVisible = 0;
			defaultConfigurationName = Release;
		};
		298E33CE2A19E7FE00C0B60C /* Build configuration list for PBXNativeTarget "KanjiADay" */ = {
			isa = XCConfigurationList;
			buildConfigurations = (
				298E33CF2A19E7FE00C0B60C /* Debug */,
				298E33D02A19E7FE00C0B60C /* Release */,
			);
			defaultConfigurationIsVisible = 0;
			defaultConfigurationName = Release;
		};
		298E33D12A19E7FE00C0B60C /* Build configuration list for PBXNativeTarget "KanjiADayTests" */ = {
			isa = XCConfigurationList;
			buildConfigurations = (
				298E33D22A19E7FE00C0B60C /* Debug */,
				298E33D32A19E7FE00C0B60C /* Release */,
			);
			defaultConfigurationIsVisible = 0;
			defaultConfigurationName = Release;
		};
		298E33D42A19E7FE00C0B60C /* Build configuration list for PBXNativeTarget "KanjiADayUITests" */ = {
			isa = XCConfigurationList;
			buildConfigurations = (
				298E33D52A19E7FE00C0B60C /* Debug */,
				298E33D62A19E7FE00C0B60C /* Release */,
			);
			defaultConfigurationIsVisible = 0;
			defaultConfigurationName = Release;
		};
/* End XCConfigurationList section */
	};
	rootObject = 298E33A22A19E7FD00C0B60C /* Project object */;
}
